Microsoft Visual Studio Solution File, Format Version 11.00
# Visual Studio 2008

Project("{A667F430-89AC-C3DE-4AB5-5EDE4E8F18E4}") = "ZombieWaves", "Assembly-CSharp.csproj", "{B915866E-C654-82A9-B6F8-67428542B71F}"
EndProject
Global
	GlobalSection(SolutionConfigurationPlatforms) = preSolution
		Debug|Any CPU = Debug|Any CPU
		Release|Any CPU = Release|Any CPU
	EndGlobalSection
	GlobalSection(ProjectConfigurationPlatforms) = postSolution
		{B915866E-C654-82A9-B6F8-67428542B71F}.Debug|Any CPU.ActiveCfg = Debug|Any CPU
		{B915866E-C654-82A9-B6F8-67428542B71F}.Debug|Any CPU.Build.0 = Debug|Any CPU
		{B915866E-C654-82A9-B6F8-67428542B71F}.Release|Any CPU.ActiveCfg = Release|Any CPU
		{B915866E-C654-82A9-B6F8-67428542B71F}.Release|Any CPU.Build.0 = Release|Any CPU
	EndGlobalSection
	GlobalSection(SolutionProperties) = preSolution
		HideSolutionNode = FALSE
	EndGlobalSection
	GlobalSection(MonoDevelopProperties) = preSolution
		StartupItem = Assembly-CSharp.csproj
	EndGlobalSection
EndGlobal
